
Microsoft Visual Studio Solution File, Format Version 12.00
# Visual Studio Version 16
VisualStudioVersion = 16.0.31624.102
MinimumVisualStudioVersion = 10.0.40219.1
Project("{9A19103F-16F7-4668-BE54-9A1E7A4F7556}") = "Biblioteca", "Entidades\Biblioteca.csproj", "{43846EE7-37C3-4D10-AB03-6023F4712335}"
EndProject
Project("{FAE04EC0-301F-11D3-BF4B-00C04F79EFBC}") = "CIber", "CIber\CIber.csproj", "{91BA33E0-3733-4612-8D15-F2FC83F3A437}"
EndProject
Global
	GlobalSection(SolutionConfigurationPlatforms) = preSolution
		Debug|Any CPU = Debug|Any CPU
		Release|Any CPU = Release|Any CPU
	EndGlobalSection
	GlobalSection(ProjectConfigurationPlatforms) = postSolution
		{43846EE7-37C3-4D10-AB03-6023F4712335}.Debug|Any CPU.ActiveCfg = Debug|Any CPU
		{43846EE7-37C3-4D10-AB03-6023F4712335}.Debug|Any CPU.Build.0 = Debug|Any CPU
		{43846EE7-37C3-4D10-AB03-6023F4712335}.Release|Any CPU.ActiveCfg = Release|Any CPU
		{43846EE7-37C3-4D10-AB03-6023F4712335}.Release|Any CPU.Build.0 = Release|Any CPU
		{91BA33E0-3733-4612-8D15-F2FC83F3A437}.Debug|Any CPU.ActiveCfg = Debug|Any CPU
		{91BA33E0-3733-4612-8D15-F2FC83F3A437}.Debug|Any CPU.Build.0 = Debug|Any CPU
		{91BA33E0-3733-4612-8D15-F2FC83F3A437}.Release|Any CPU.ActiveCfg = Release|Any CPU
		{91BA33E0-3733-4612-8D15-F2FC83F3A437}.Release|Any CPU.Build.0 = Release|Any CPU
	EndGlobalSection
	GlobalSection(SolutionProperties) = preSolution
		HideSolutionNode = FALSE
	EndGlobalSection
	GlobalSection(ExtensibilityGlobals) = postSolution
		SolutionGuid = {D1B5F2DF-5F12-4B88-9D82-411FBA9CF992}
	EndGlobalSection
EndGlobal
